# This file is automatically @generated by Poetry 1.5.0 and should not be changed by hand.

[[package]]
name = "appnope"
version = "0.1.3"
description = "Disable App Nap on macOS >= 10.9"
optional = false
python-versions = "*"
files = [
    {file = "appnope-0.1.3-py2.py3-none-any.whl", hash = "sha256:265a455292d0bd8a72453494fa24df5a11eb18373a60c7c0430889f22548605e"},
    {file = "appnope-0.1.3.tar.gz", hash = "sha256:02bd91c4de869fbb1e1c50aafc4098827a7a54ab2f39d9dcba6c9547ed920e24"},
]

[[package]]
name = "asgiref"
version = "3.7.1"
description = "ASGI specs, helper code, and adapters"
optional = false
python-versions = ">=3.7"
files = [
    {file = "asgiref-3.7.1-py3-none-any.whl", hash = "sha256:33958cb2e4b3cd8b1b06ef295bd8605cde65b11df51d3beab39e2e149a610ab3"},
    {file = "asgiref-3.7.1.tar.gz", hash = "sha256:8de379fcc383bcfe4507e229fc31209ea23d4831c850f74063b2c11639474dd2"},
]

[package.extras]
tests = ["mypy (>=0.800)", "pytest", "pytest-asyncio"]

[[package]]
name = "asttokens"
version = "2.2.1"
description = "Annotate AST trees with source code positions"
optional = false
python-versions = "*"
files = [
    {file = "asttokens-2.2.1-py2.py3-none-any.whl", hash = "sha256:6b0ac9e93fb0335014d382b8fa9b3afa7df546984258005da0b9e7095b3deb1c"},
    {file = "asttokens-2.2.1.tar.gz", hash = "sha256:4622110b2a6f30b77e1473affaa97e711bc2f07d3f10848420ff1898edbe94f3"},
]

[package.dependencies]
six = "*"

[package.extras]
test = ["astroid", "pytest"]

[[package]]
name = "backcall"
version = "0.2.0"
description = "Specifications for callback functions passed in to an API"
optional = false
python-versions = "*"
files = [
    {file = "backcall-0.2.0-py2.py3-none-any.whl", hash = "sha256:fbbce6a29f263178a1f7915c1940bde0ec2b2a967566fe1c65c1dfb7422bd255"},
    {file = "backcall-0.2.0.tar.gz", hash = "sha256:5cbdbf27be5e7cfadb448baf0aa95508f91f2bbc6c6437cd9cd06e2a4c215e1e"},
]

[[package]]
name = "colorama"
version = "0.4.6"
description = "Cross-platform colored terminal text."
optional = false
python-versions = "!=3.0.*,!=3.1.*,!=3.2.*,!=3.3.*,!=3.4.*,!=3.5.*,!=3.6.*,>=2.7"
files = [
    {file = "colorama-0.4.6-py2.py3-none-any.whl", hash = "sha256:4f1d9991f5acc0ca119f9d443620b77f9d6b33703e51011c16baf57afb285fc6"},
    {file = "colorama-0.4.6.tar.gz", hash = "sha256:08695f5cb7ed6e0531a20572697297273c47b8cae5a63ffc6d6ed5c201be6e44"},
]

[[package]]
name = "coverage"
version = "7.2.6"
description = "Code coverage measurement for Python"
optional = false
python-versions = ">=3.7"
files = [
    {file = "coverage-7.2.6-cp310-cp310-macosx_10_9_x86_64.whl", hash = "sha256:496b86f1fc9c81a1cd53d8842ef712e950a4611bba0c42d33366a7b91ba969ec"},
    {file = "coverage-7.2.6-cp310-cp310-macosx_11_0_arm64.whl", hash = "sha256:fbe6e8c0a9a7193ba10ee52977d4d5e7652957c1f56ccefed0701db8801a2a3b"},
    {file = "coverage-7.2.6-cp310-cp310-manylinux_2_17_aarch64.manylinux2014_aarch64.whl", hash = "sha256:76d06b721c2550c01a60e5d3093f417168658fb454e5dfd9a23570e9bffe39a1"},
    {file = "coverage-7.2.6-cp310-cp310-manylinux_2_5_i686.manylinux1_i686.manylinux_2_17_i686.manylinux2014_i686.whl", hash = "sha256:77a04b84d01f0e12c66f16e69e92616442dc675bbe51b90bfb074b1e5d1c7fbd"},
    {file = "coverage-7.2.6-cp310-cp310-manylinux_2_5_x86_64.manylinux1_x86_64.manylinux_2_17_x86_64.manylinux2014_x86_64.whl", hash = "sha256:35db06450272473eab4449e9c2ad9bc6a0a68dab8e81a0eae6b50d9c2838767e"},
    {file = "coverage-7.2.6-cp310-cp310-musllinux_1_1_aarch64.whl", hash = "sha256:6727a0d929ff0028b1ed8b3e7f8701670b1d7032f219110b55476bb60c390bfb"},
    {file = "coverage-7.2.6-cp310-cp310-musllinux_1_1_i686.whl", hash = "sha256:aac1d5fdc5378f6bac2c0c7ebe7635a6809f5b4376f6cf5d43243c1917a67087"},
    {file = "coverage-7.2.6-cp310-cp310-musllinux_1_1_x86_64.whl", hash = "sha256:1c9e4a5eb1bbc3675ee57bc31f8eea4cd7fb0cbcbe4912cf1cb2bf3b754f4a80"},
    {file = "coverage-7.2.6-cp310-cp310-win32.whl", hash = "sha256:71f739f97f5f80627f1fee2331e63261355fd1e9a9cce0016394b6707ac3f4ec"},
    {file = "coverage-7.2.6-cp310-cp310-win_amd64.whl", hash = "sha256:fde5c7a9d9864d3e07992f66767a9817f24324f354caa3d8129735a3dc74f126"},
    {file = "coverage-7.2.6-cp311-cp311-macosx_10_9_x86_64.whl", hash = "sha256:bc7b667f8654376e9353dd93e55e12ce2a59fb6d8e29fce40de682273425e044"},
    {file = "coverage-7.2.6-cp311-cp311-macosx_11_0_arm64.whl", hash = "sha256:697f4742aa3f26c107ddcb2b1784a74fe40180014edbd9adaa574eac0529914c"},
    {file = "coverage-7.2.6-cp311-cp311-manylinux_2_17_aarch64.manylinux2014_aarch64.whl", hash = "sha256:541280dde49ce74a4262c5e395b48ea1207e78454788887118c421cb4ffbfcac"},
    {file = "coverage-7.2.6-cp311-cp311-manylinux_2_5_i686.manylinux1_i686.manylinux_2_17_i686.manylinux2014_i686.whl", hash = "sha256:6e7f1a8328eeec34c54f1d5968a708b50fc38d31e62ca8b0560e84a968fbf9a9"},
    {file = "coverage-7.2.6-cp311-cp311-manylinux_2_5_x86_64.manylinux1_x86_64.manylinux_2_17_x86_64.manylinux2014_x86_64.whl", hash = "sha256:4bbd58eb5a2371bf160590f4262109f66b6043b0b991930693134cb617bc0169"},
    {file = "coverage-7.2.6-cp311-cp311-musllinux_1_1_aarch64.whl", hash = "sha256:ae82c5f168d2a39a5d69a12a69d4dc23837a43cf2ca99be60dfe59996ea6b113"},
    {file = "coverage-7.2.6-cp311-cp311-musllinux_1_1_i686.whl", hash = "sha256:f5440cdaf3099e7ab17a5a7065aed59aff8c8b079597b61c1f8be6f32fe60636"},
    {file = "coverage-7.2.6-cp311-cp311-musllinux_1_1_x86_64.whl", hash = "sha256:a6f03f87fea579d55e0b690d28f5042ec1368650466520fbc400e7aeaf09e995"},
    {file = "coverage-7.2.6-cp311-cp311-win32.whl", hash = "sha256:dc4d5187ef4d53e0d4c8eaf530233685667844c5fb0b855fea71ae659017854b"},
    {file = "coverage-7.2.6-cp311-cp311-win_amd64.whl", hash = "sha256:c93d52c3dc7b9c65e39473704988602300e3cc1bad08b5ab5b03ca98bbbc68c1"},
    {file = "coverage-7.2.6-cp37-cp37m-macosx_10_9_x86_64.whl", hash = "sha256:42c692b55a647a832025a4c048007034fe77b162b566ad537ce65ad824b12a84"},
    {file = "coverage-7.2.6-cp37-cp37m-manylinux_2_17_aarch64.manylinux2014_aarch64.whl", hash = "sha256:d7786b2fa7809bf835f830779ad285215a04da76293164bb6745796873f0942d"},
    {file = "coverage-7.2.6-cp37-cp37m-manylinux_2_5_i686.manylinux1_i686.manylinux_2_17_i686.manylinux2014_i686.whl", hash = "sha256:25bad4196104761bc26b1dae9b57383826542ec689ff0042f7f4f4dd7a815cba"},
    {file = "coverage-7.2.6-cp37-cp37m-manylinux_2_5_x86_64.manylinux1_x86_64.manylinux_2_17_x86_64.manylinux2014_x86_64.whl", hash = "sha256:2692306d3d4cb32d2cceed1e47cebd6b1d2565c993d6d2eda8e6e6adf53301e6"},
    {file = "coverage-7.2.6-cp37-cp37m-musllinux_1_1_aarch64.whl", hash = "sha256:392154d09bd4473b9d11351ab5d63391f3d5d24d752f27b3be7498b0ee2b5226"},
    {file = "coverage-7.2.6-cp37-cp37m-musllinux_1_1_i686.whl", hash = "sha256:fa079995432037b5e2ef5ddbb270bcd2ded9f52b8e191a5de11fe59a00ea30d8"},
    {file = "coverage-7.2.6-cp37-cp37m-musllinux_1_1_x86_64.whl", hash = "sha256:d712cefff15c712329113b01088ba71bbcef0f7ea58478ca0bbec63a824844cb"},
    {file = "coverage-7.2.6-cp37-cp37m-win32.whl", hash = "sha256:004948e296149644d208964300cb3d98affc5211e9e490e9979af4030b0d6473"},
    {file = "coverage-7.2.6-cp37-cp37m-win_amd64.whl", hash = "sha256:c1d7a31603c3483ac49c1726723b0934f88f2c011c660e6471e7bd735c2fa110"},
    {file = "coverage-7.2.6-cp38-cp38-macosx_10_9_x86_64.whl", hash = "sha256:3436927d1794fa6763b89b60c896f9e3bd53212001026ebc9080d23f0c2733c1"},
    {file = "coverage-7.2.6-cp38-cp38-macosx_11_0_arm64.whl", hash = "sha256:44c9b9f1a245f3d0d202b1a8fa666a80b5ecbe4ad5d0859c0fb16a52d9763224"},
    {file = "coverage-7.2.6-cp38-cp38-manylinux_2_17_aarch64.manylinux2014_aarch64.whl", hash = "sha256:4e3783a286d5a93a2921396d50ce45a909aa8f13eee964465012f110f0cbb611"},
    {file = "coverage-7.2.6-cp38-cp38-manylinux_2_5_i686.manylinux1_i686.manylinux_2_17_i686.manylinux2014_i686.whl", hash = "sha256:3cff6980fe7100242170092bb40d2b1cdad79502cd532fd26b12a2b8a5f9aee0"},
    {file = "coverage-7.2.6-cp38-cp38-manylinux_2_5_x86_64.manylinux1_x86_64.manylinux_2_17_x86_64.manylinux2014_x86_64.whl", hash = "sha256:c534431153caffc7c495c3eddf7e6a6033e7f81d78385b4e41611b51e8870446"},
    {file = "coverage-7.2.6-cp38-cp38-musllinux_1_1_aarch64.whl", hash = "sha256:3062fd5c62df988cea9f2972c593f77fed1182bfddc5a3b12b1e606cb7aba99e"},
    {file = "coverage-7.2.6-cp38-cp38-musllinux_1_1_i686.whl", hash = "sha256:6284a2005e4f8061c58c814b1600ad0074ccb0289fe61ea709655c5969877b70"},
    {file = "coverage-7.2.6-cp38-cp38-musllinux_1_1_x86_64.whl", hash = "sha256:97729e6828643f168a2a3f07848e1b1b94a366b13a9f5aba5484c2215724edc8"},
    {file = "coverage-7.2.6-cp38-cp38-win32.whl", hash = "sha256:dc11b42fa61ff1e788dd095726a0aed6aad9c03d5c5984b54cb9e1e67b276aa5"},
    {file = "coverage-7.2.6-cp38-cp38-win_amd64.whl", hash = "sha256:cbcc874f454ee51f158afd604a315f30c0e31dff1d5d5bf499fc529229d964dd"},
    {file = "coverage-7.2.6-cp39-cp39-macosx_10_9_x86_64.whl", hash = "sha256:d3cacc6a665221108ecdf90517a8028d07a2783df3417d12dcfef1c517e67478"},
    {file = "coverage-7.2.6-cp39-cp39-macosx_11_0_arm64.whl", hash = "sha256:272ab31228a9df857ab5df5d67936d8861464dc89c5d3fab35132626e9369379"},
    {file = "coverage-7.2.6-cp39-cp39-manylinux_2_17_aarch64.manylinux2014_aarch64.whl", hash = "sha256:9a8723ccec4e564d4b9a79923246f7b9a8de4ec55fa03ec4ec804459dade3c4f"},
    {file = "coverage-7.2.6-cp39-cp39-manylinux_2_5_i686.manylinux1_i686.manylinux_2_17_i686.manylinux2014_i686.whl", hash = "sha256:5906f6a84b47f995cd1bf0aca1c72d591c55ee955f98074e93660d64dfc66eb9"},
    {file = "coverage-7.2.6-cp39-cp39-manylinux_2_5_x86_64.manylinux1_x86_64.manylinux_2_17_x86_64.manylinux2014_x86_64.whl", hash = "sha256:52c139b7ab3f0b15f9aad0a3fedef5a1f8c0b2bdc291d88639ca2c97d3682416"},
    {file = "coverage-7.2.6-cp39-cp39-musllinux_1_1_aarch64.whl", hash = "sha256:a5ffd45c6b93c23a8507e2f436983015c6457aa832496b6a095505ca2f63e8f1"},
    {file = "coverage-7.2.6-cp39-cp39-musllinux_1_1_i686.whl", hash = "sha256:4f3c7c19581d471af0e9cb49d928172cd8492cd78a2b7a4e82345d33662929bb"},
    {file = "coverage-7.2.6-cp39-cp39-musllinux_1_1_x86_64.whl", hash = "sha256:2e8c0e79820cdd67978e1120983786422d279e07a381dbf89d03bbb23ec670a6"},
    {file = "coverage-7.2.6-cp39-cp39-win32.whl", hash = "sha256:13cde6bb0e58fb67d09e2f373de3899d1d1e866c5a9ff05d93615f2f54fbd2bb"},
    {file = "coverage-7.2.6-cp39-cp39-win_amd64.whl", hash = "sha256:6b9f64526286255735847aed0221b189486e0b9ed943446936e41b7e44b08783"},
    {file = "coverage-7.2.6-pp37.pp38.pp39-none-any.whl", hash = "sha256:6babcbf1e66e46052442f10833cfc4a0d3554d8276aa37af8531a83ed3c1a01d"},
    {file = "coverage-7.2.6.tar.gz", hash = "sha256:2025f913f2edb0272ef15d00b1f335ff8908c921c8eb2013536fcaf61f5a683d"},
]

[package.extras]
toml = ["tomli"]

[[package]]
name = "decorator"
version = "5.1.1"
description = "Decorators for Humans"
optional = false
python-versions = ">=3.5"
files = [
    {file = "decorator-5.1.1-py3-none-any.whl", hash = "sha256:b8c3f85900b9dc423225913c5aace94729fe1fa9763b38939a95226f02d37186"},
    {file = "decorator-5.1.1.tar.gz", hash = "sha256:637996211036b6385ef91435e4fae22989472f9d571faba8927ba8253acbc330"},
]

[[package]]
name = "django"
version = "4.2.1"
description = "A high-level Python web framework that encourages rapid development and clean, pragmatic design."
optional = false
python-versions = ">=3.8"
files = [
    {file = "Django-4.2.1-py3-none-any.whl", hash = "sha256:066b6debb5ac335458d2a713ed995570536c8b59a580005acb0732378d5eb1ee"},
    {file = "Django-4.2.1.tar.gz", hash = "sha256:7efa6b1f781a6119a10ac94b4794ded90db8accbe7802281cd26f8664ffed59c"},
]

[package.dependencies]
asgiref = ">=3.6.0,<4"
sqlparse = ">=0.3.1"
tzdata = {version = "*", markers = "sys_platform == \"win32\""}

[package.extras]
argon2 = ["argon2-cffi (>=19.1.0)"]
bcrypt = ["bcrypt"]

[[package]]
name = "executing"
version = "1.2.0"
description = "Get the currently executing AST node of a frame, and other information"
optional = false
python-versions = "*"
files = [
    {file = "executing-1.2.0-py2.py3-none-any.whl", hash = "sha256:0314a69e37426e3608aada02473b4161d4caf5a4b244d1d0c48072b8fee7bacc"},
    {file = "executing-1.2.0.tar.gz", hash = "sha256:19da64c18d2d851112f09c287f8d3dbbdf725ab0e569077efb6cdcbd3497c107"},
]

[package.extras]
tests = ["asttokens", "littleutils", "pytest", "rich"]

[[package]]
name = "flake8"
version = "6.0.0"
description = "the modular source code checker: pep8 pyflakes and co"
optional = false
python-versions = ">=3.8.1"
files = [
    {file = "flake8-6.0.0-py2.py3-none-any.whl", hash = "sha256:3833794e27ff64ea4e9cf5d410082a8b97ff1a06c16aa3d2027339cd0f1195c7"},
    {file = "flake8-6.0.0.tar.gz", hash = "sha256:c61007e76655af75e6785a931f452915b371dc48f56efd765247c8fe68f2b181"},
]

[package.dependencies]
mccabe = ">=0.7.0,<0.8.0"
pycodestyle = ">=2.10.0,<2.11.0"
pyflakes = ">=3.0.0,<3.1.0"

[[package]]
name = "ipython"
version = "8.13.2"
description = "IPython: Productive Interactive Computing"
optional = false
python-versions = ">=3.9"
files = [
    {file = "ipython-8.13.2-py3-none-any.whl", hash = "sha256:ffca270240fbd21b06b2974e14a86494d6d29290184e788275f55e0b55914926"},
    {file = "ipython-8.13.2.tar.gz", hash = "sha256:7dff3fad32b97f6488e02f87b970f309d082f758d7b7fc252e3b19ee0e432dbb"},
]

[package.dependencies]
appnope = {version = "*", markers = "sys_platform == \"darwin\""}
backcall = "*"
colorama = {version = "*", markers = "sys_platform == \"win32\""}
decorator = "*"
jedi = ">=0.16"
matplotlib-inline = "*"
pexpect = {version = ">4.3", markers = "sys_platform != \"win32\""}
pickleshare = "*"
prompt-toolkit = ">=3.0.30,<3.0.37 || >3.0.37,<3.1.0"
pygments = ">=2.4.0"
stack-data = "*"
traitlets = ">=5"

[package.extras]
all = ["black", "curio", "docrepr", "ipykernel", "ipyparallel", "ipywidgets", "matplotlib", "matplotlib (!=3.2.0)", "nbconvert", "nbformat", "notebook", "numpy (>=1.21)", "pandas", "pytest (<7)", "pytest (<7.1)", "pytest-asyncio", "qtconsole", "setuptools (>=18.5)", "sphinx (>=1.3)", "sphinx-rtd-theme", "stack-data", "testpath", "trio", "typing-extensions"]
black = ["black"]
doc = ["docrepr", "ipykernel", "matplotlib", "pytest (<7)", "pytest (<7.1)", "pytest-asyncio", "setuptools (>=18.5)", "sphinx (>=1.3)", "sphinx-rtd-theme", "stack-data", "testpath", "typing-extensions"]
kernel = ["ipykernel"]
nbconvert = ["nbconvert"]
nbformat = ["nbformat"]
notebook = ["ipywidgets", "notebook"]
parallel = ["ipyparallel"]
qtconsole = ["qtconsole"]
test = ["pytest (<7.1)", "pytest-asyncio", "testpath"]
test-extra = ["curio", "matplotlib (!=3.2.0)", "nbformat", "numpy (>=1.21)", "pandas", "pytest (<7.1)", "pytest-asyncio", "testpath", "trio"]

[[package]]
name = "isort"
version = "5.12.0"
description = "A Python utility / library to sort Python imports."
optional = false
python-versions = ">=3.8.0"
files = [
    {file = "isort-5.12.0-py3-none-any.whl", hash = "sha256:f84c2818376e66cf843d497486ea8fed8700b340f308f076c6fb1229dff318b6"},
    {file = "isort-5.12.0.tar.gz", hash = "sha256:8bef7dde241278824a6d83f44a544709b065191b95b6e50894bdc722fcba0504"},
]

[package.extras]
colors = ["colorama (>=0.4.3)"]
pipfile-deprecated-finder = ["pip-shims (>=0.5.2)", "pipreqs", "requirementslib"]
plugins = ["setuptools"]
requirements-deprecated-finder = ["pip-api", "pipreqs"]

[[package]]
name = "jedi"
version = "0.18.2"
description = "An autocompletion tool for Python that can be used for text editors."
optional = false
python-versions = ">=3.6"
files = [
    {file = "jedi-0.18.2-py2.py3-none-any.whl", hash = "sha256:203c1fd9d969ab8f2119ec0a3342e0b49910045abe6af0a3ae83a5764d54639e"},
    {file = "jedi-0.18.2.tar.gz", hash = "sha256:bae794c30d07f6d910d32a7048af09b5a39ed740918da923c6b780790ebac612"},
]

[package.dependencies]
parso = ">=0.8.0,<0.9.0"

[package.extras]
docs = ["Jinja2 (==2.11.3)", "MarkupSafe (==1.1.1)", "Pygments (==2.8.1)", "alabaster (==0.7.12)", "babel (==2.9.1)", "chardet (==4.0.0)", "commonmark (==0.8.1)", "docutils (==0.17.1)", "future (==0.18.2)", "idna (==2.10)", "imagesize (==1.2.0)", "mock (==1.0.1)", "packaging (==20.9)", "pyparsing (==2.4.7)", "pytz (==2021.1)", "readthedocs-sphinx-ext (==2.1.4)", "recommonmark (==0.5.0)", "requests (==2.25.1)", "six (==1.15.0)", "snowballstemmer (==2.1.0)", "sphinx (==1.8.5)", "sphinx-rtd-theme (==0.4.3)", "sphinxcontrib-serializinghtml (==1.1.4)", "sphinxcontrib-websupport (==1.2.4)", "urllib3 (==1.26.4)"]
qa = ["flake8 (==3.8.3)", "mypy (==0.782)"]
testing = ["Django (<3.1)", "attrs", "colorama", "docopt", "pytest (<7.0.0)"]

[[package]]
name = "matplotlib-inline"
version = "0.1.6"
description = "Inline Matplotlib backend for Jupyter"
optional = false
python-versions = ">=3.5"
files = [
    {file = "matplotlib-inline-0.1.6.tar.gz", hash = "sha256:f887e5f10ba98e8d2b150ddcf4702c1e5f8b3a20005eb0f74bfdbd360ee6f304"},
    {file = "matplotlib_inline-0.1.6-py3-none-any.whl", hash = "sha256:f1f41aab5328aa5aaea9b16d083b128102f8712542f819fe7e6a420ff581b311"},
]

[package.dependencies]
traitlets = "*"

[[package]]
name = "mccabe"
version = "0.7.0"
description = "McCabe checker, plugin for flake8"
optional = false
python-versions = ">=3.6"
files = [
    {file = "mccabe-0.7.0-py2.py3-none-any.whl", hash = "sha256:6c2d30ab6be0e4a46919781807b4f0d834ebdd6c6e3dca0bda5a15f863427b6e"},
    {file = "mccabe-0.7.0.tar.gz", hash = "sha256:348e0240c33b60bbdf4e523192ef919f28cb2c3d7d5c7794f74009290f236325"},
]

[[package]]
name = "parso"
version = "0.8.3"
description = "A Python Parser"
optional = false
python-versions = ">=3.6"
files = [
    {file = "parso-0.8.3-py2.py3-none-any.whl", hash = "sha256:c001d4636cd3aecdaf33cbb40aebb59b094be2a74c556778ef5576c175e19e75"},
    {file = "parso-0.8.3.tar.gz", hash = "sha256:8c07be290bb59f03588915921e29e8a50002acaf2cdc5fa0e0114f91709fafa0"},
]

[package.extras]
qa = ["flake8 (==3.8.3)", "mypy (==0.782)"]
testing = ["docopt", "pytest (<6.0.0)"]

[[package]]
name = "pexpect"
version = "4.8.0"
description = "Pexpect allows easy control of interactive console applications."
optional = false
python-versions = "*"
files = [
    {file = "pexpect-4.8.0-py2.py3-none-any.whl", hash = "sha256:0b48a55dcb3c05f3329815901ea4fc1537514d6ba867a152b581d69ae3710937"},
    {file = "pexpect-4.8.0.tar.gz", hash = "sha256:fc65a43959d153d0114afe13997d439c22823a27cefceb5ff35c2178c6784c0c"},
]

[package.dependencies]
ptyprocess = ">=0.5"

[[package]]
name = "pickleshare"
version = "0.7.5"
description = "Tiny 'shelve'-like database with concurrency support"
optional = false
python-versions = "*"
files = [
    {file = "pickleshare-0.7.5-py2.py3-none-any.whl", hash = "sha256:9649af414d74d4df115d5d718f82acb59c9d418196b7b4290ed47a12ce62df56"},
    {file = "pickleshare-0.7.5.tar.gz", hash = "sha256:87683d47965c1da65cdacaf31c8441d12b8044cdec9aca500cd78fc2c683afca"},
]

[[package]]
name = "prompt-toolkit"
version = "3.0.38"
description = "Library for building powerful interactive command lines in Python"
optional = false
python-versions = ">=3.7.0"
files = [
    {file = "prompt_toolkit-3.0.38-py3-none-any.whl", hash = "sha256:45ea77a2f7c60418850331366c81cf6b5b9cf4c7fd34616f733c5427e6abbb1f"},
    {file = "prompt_toolkit-3.0.38.tar.gz", hash = "sha256:23ac5d50538a9a38c8bde05fecb47d0b403ecd0662857a86f886f798563d5b9b"},
]

[package.dependencies]
wcwidth = "*"

[[package]]
name = "ptyprocess"
version = "0.7.0"
description = "Run a subprocess in a pseudo terminal"
optional = false
python-versions = "*"
files = [
    {file = "ptyprocess-0.7.0-py2.py3-none-any.whl", hash = "sha256:4b41f3967fce3af57cc7e94b888626c18bf37a083e3651ca8feeb66d492fef35"},
    {file = "ptyprocess-0.7.0.tar.gz", hash = "sha256:5c5d0a3b48ceee0b48485e0c26037c0acd7d29765ca3fbb5cb3831d347423220"},
]

[[package]]
name = "pure-eval"
version = "0.2.2"
description = "Safely evaluate AST nodes without side effects"
optional = false
python-versions = "*"
files = [
    {file = "pure_eval-0.2.2-py3-none-any.whl", hash = "sha256:01eaab343580944bc56080ebe0a674b39ec44a945e6d09ba7db3cb8cec289350"},
    {file = "pure_eval-0.2.2.tar.gz", hash = "sha256:2b45320af6dfaa1750f543d714b6d1c520a1688dec6fd24d339063ce0aaa9ac3"},
]

[package.extras]
tests = ["pytest"]

[[package]]
name = "pycodestyle"
version = "2.10.0"
description = "Python style guide checker"
optional = false
python-versions = ">=3.6"
files = [
    {file = "pycodestyle-2.10.0-py2.py3-none-any.whl", hash = "sha256:8a4eaf0d0495c7395bdab3589ac2db602797d76207242c17d470186815706610"},
    {file = "pycodestyle-2.10.0.tar.gz", hash = "sha256:347187bdb476329d98f695c213d7295a846d1152ff4fe9bacb8a9590b8ee7053"},
]

[[package]]
name = "pyflakes"
version = "3.0.1"
description = "passive checker of Python programs"
optional = false
python-versions = ">=3.6"
files = [
    {file = "pyflakes-3.0.1-py2.py3-none-any.whl", hash = "sha256:ec55bf7fe21fff7f1ad2f7da62363d749e2a470500eab1b555334b67aa1ef8cf"},
    {file = "pyflakes-3.0.1.tar.gz", hash = "sha256:ec8b276a6b60bd80defed25add7e439881c19e64850afd9b346283d4165fd0fd"},
]

[[package]]
name = "pygments"
version = "2.15.1"
description = "Pygments is a syntax highlighting package written in Python."
optional = false
python-versions = ">=3.7"
files = [
    {file = "Pygments-2.15.1-py3-none-any.whl", hash = "sha256:db2db3deb4b4179f399a09054b023b6a586b76499d36965813c71aa8ed7b5fd1"},
    {file = "Pygments-2.15.1.tar.gz", hash = "sha256:8ace4d3c1dd481894b2005f560ead0f9f19ee64fe983366be1a21e171d12775c"},
]

[package.extras]
plugins = ["importlib-metadata"]

[[package]]
name = "python-dotenv"
version = "1.0.0"
description = "Read key-value pairs from a .env file and set them as environment variables"
optional = false
python-versions = ">=3.8"
files = [
    {file = "python-dotenv-1.0.0.tar.gz", hash = "sha256:a8df96034aae6d2d50a4ebe8216326c61c3eb64836776504fcca410e5937a3ba"},
    {file = "python_dotenv-1.0.0-py3-none-any.whl", hash = "sha256:f5971a9226b701070a4bf2c38c89e5a3f0d64de8debda981d1db98583009122a"},
]

[package.extras]
cli = ["click (>=5.0)"]

[[package]]
name = "six"
version = "1.16.0"
description = "Python 2 and 3 compatibility utilities"
optional = false
python-versions = ">=2.7, !=3.0.*, !=3.1.*, !=3.2.*"
files = [
    {file = "six-1.16.0-py2.py3-none-any.whl", hash = "sha256:8abb2f1d86890a2dfb989f9a77cfcfd3e47c2a354b01111771326f8aa26e0254"},
    {file = "six-1.16.0.tar.gz", hash = "sha256:1e61c37477a1626458e36f7b1d82aa5c9b094fa4802892072e49de9c60c4c926"},
]

[[package]]
name = "sqlparse"
version = "0.4.4"
description = "A non-validating SQL parser."
optional = false
python-versions = ">=3.5"
files = [
    {file = "sqlparse-0.4.4-py3-none-any.whl", hash = "sha256:5430a4fe2ac7d0f93e66f1efc6e1338a41884b7ddf2a350cedd20ccc4d9d28f3"},
    {file = "sqlparse-0.4.4.tar.gz", hash = "sha256:d446183e84b8349fa3061f0fe7f06ca94ba65b426946ffebe6e3e8295332420c"},
]

[package.extras]
dev = ["build", "flake8"]
doc = ["sphinx"]
test = ["pytest", "pytest-cov"]

[[package]]
name = "stack-data"
version = "0.6.2"
description = "Extract data from python stack frames and tracebacks for informative displays"
optional = false
python-versions = "*"
files = [
    {file = "stack_data-0.6.2-py3-none-any.whl", hash = "sha256:cbb2a53eb64e5785878201a97ed7c7b94883f48b87bfb0bbe8b623c74679e4a8"},
    {file = "stack_data-0.6.2.tar.gz", hash = "sha256:32d2dd0376772d01b6cb9fc996f3c8b57a357089dec328ed4b6553d037eaf815"},
]

[package.dependencies]
asttokens = ">=2.1.0"
executing = ">=1.2.0"
pure-eval = "*"

[package.extras]
tests = ["cython", "littleutils", "pygments", "pytest", "typeguard"]

[[package]]
name = "traitlets"
version = "5.9.0"
description = "Traitlets Python configuration system"
optional = false
python-versions = ">=3.7"
files = [
    {file = "traitlets-5.9.0-py3-none-any.whl", hash = "sha256:9e6ec080259b9a5940c797d58b613b5e31441c2257b87c2e795c5228ae80d2d8"},
    {file = "traitlets-5.9.0.tar.gz", hash = "sha256:f6cde21a9c68cf756af02035f72d5a723bf607e862e7be33ece505abf4a3bad9"},
]

[package.extras]
docs = ["myst-parser", "pydata-sphinx-theme", "sphinx"]
test = ["argcomplete (>=2.0)", "pre-commit", "pytest", "pytest-mock"]

[[package]]
name = "tzdata"
version = "2023.3"
description = "Provider of IANA time zone data"
optional = false
python-versions = ">=2"
files = [
    {file = "tzdata-2023.3-py2.py3-none-any.whl", hash = "sha256:7e65763eef3120314099b6939b5546db7adce1e7d6f2e179e3df563c70511eda"},
    {file = "tzdata-2023.3.tar.gz", hash = "sha256:11ef1e08e54acb0d4f95bdb1be05da659673de4acbd21bf9c69e94cc5e907a3a"},
]

[[package]]
name = "wcwidth"
version = "0.2.6"
description = "Measures the displayed width of unicode strings in a terminal"
optional = false
python-versions = "*"
files = [
    {file = "wcwidth-0.2.6-py2.py3-none-any.whl", hash = "sha256:795b138f6875577cd91bba52baf9e445cd5118fd32723b460e30a0af30ea230e"},
    {file = "wcwidth-0.2.6.tar.gz", hash = "sha256:a5220780a404dbe3353789870978e472cfe477761f06ee55077256e509b156d0"},
]

[metadata]
lock-version = "2.0"
python-versions = "^3.11"
content-hash = "5e6f3d1c130b3493166c4ee1d714744657b330d278bfb41b1c62de997d2a5c2c"
